
Microsoft Visual Studio Solution File, Format Version 12.00
# Visual Studio 15
VisualStudioVersion = 15.0.27004.2009
MinimumVisualStudioVersion = 10.0.40219.1
Project("{FAE04EC0-301F-11D3-BF4B-00C04F79EFBC}") = "Monitoria.Android", "Monitoria\Monitoria.Android\Monitoria.Android.csproj", "{11398C0B-78D8-4CD7-BE31-5318A870FF61}"
EndProject
Project("{FAE04EC0-301F-11D3-BF4B-00C04F79EFBC}") = "Monitoria", "Monitoria\Monitoria\Monitoria.csproj", "{4C1D03CB-5FEC-42D1-BDD8-438E257454A4}"
EndProject
Project("{FAE04EC0-301F-11D3-BF4B-00C04F79EFBC}") = "Monitoria.UWP", "Monitoria\Monitoria.UWP\Monitoria.UWP.csproj", "{EF5889B8-A4FF-4912-8113-252972555624}"
EndProject
Project("{FAE04EC0-301F-11D3-BF4B-00C04F79EFBC}") = "Monitoria.iOS", "Monitoria\Monitoria.iOS\Monitoria.iOS.csproj", "{CFF77D41-E42B-4A9B-AA1A-ED591C5CC140}"
EndProject
Global
	GlobalSection(SolutionConfigurationPlatforms) = preSolution
		Ad-Hoc|Any CPU = Ad-Hoc|Any CPU
		Ad-Hoc|ARM = Ad-Hoc|ARM
		Ad-Hoc|iPhone = Ad-Hoc|iPhone
		Ad-Hoc|iPhoneSimulator = Ad-Hoc|iPhoneSimulator
		Ad-Hoc|x64 = Ad-Hoc|x64
		Ad-Hoc|x86 = Ad-Hoc|x86
		AppStore|Any CPU = AppStore|Any CPU
		AppStore|ARM = AppStore|ARM
		AppStore|iPhone = AppStore|iPhone
		AppStore|iPhoneSimulator = AppStore|iPhoneSimulator
		AppStore|x64 = AppStore|x64
		AppStore|x86 = AppStore|x86
		Debug|Any CPU = Debug|Any CPU
		Debug|ARM = Debug|ARM
		Debug|iPhone = Debug|iPhone
		Debug|iPhoneSimulator = Debug|iPhoneSimulator
		Debug|x64 = Debug|x64
		Debug|x86 = Debug|x86
		Release|Any CPU = Release|Any CPU
		Release|ARM = Release|ARM
		Release|iPhone = Release|iPhone
		Release|iPhoneSimulator = Release|iPhoneSimulator
		Release|x64 = Release|x64
		Release|x86 = Release|x86
	EndGlobalSection
	GlobalSection(ProjectConfigurationPlatforms) = postSolution
		{11398C0B-78D8-4CD7-BE31-5318A870FF61}.Ad-Hoc|Any CPU.ActiveCfg = Release|Any CPU
		{11398C0B-78D8-4CD7-BE31-5318A870FF61}.Ad-Hoc|Any CPU.Build.0 = Release|Any CPU
		{11398C0B-78D8-4CD7-BE31-5318A870FF61}.Ad-Hoc|Any CPU.Deploy.0 = Release|Any CPU
		{11398C0B-78D8-4CD7-BE31-5318A870FF61}.Ad-Hoc|ARM.ActiveCfg = Release|Any CPU
		{11398C0B-78D8-4CD7-BE31-5318A870FF61}.Ad-Hoc|ARM.Build.0 = Release|Any CPU
		{11398C0B-78D8-4CD7-BE31-5318A870FF61}.Ad-Hoc|ARM.Deploy.0 = Release|Any CPU
		{11398C0B-78D8-4CD7-BE31-5318A870FF61}.Ad-Hoc|iPhone.ActiveCfg = Release|Any CPU
		{11398C0B-78D8-4CD7-BE31-5318A870FF61}.Ad-Hoc|iPhone.Build.0 = Release|Any CPU
		{11398C0B-78D8-4CD7-BE31-5318A870FF61}.Ad-Hoc|iPhone.Deploy.0 = Release|Any CPU
		{11398C0B-78D8-4CD7-BE31-5318A870FF61}.Ad-Hoc|iPhoneSimulator.ActiveCfg = Release|Any CPU
		{11398C0B-78D8-4CD7-BE31-5318A870FF61}.Ad-Hoc|iPhoneSimulator.Build.0 = Release|Any CPU
		{11398C0B-78D8-4CD7-BE31-5318A870FF61}.Ad-Hoc|iPhoneSimulator.Deploy.0 = Release|Any CPU
		{11398C0B-78D8-4CD7-BE31-5318A870FF61}.Ad-Hoc|x64.ActiveCfg = Release|Any CPU
		{11398C0B-78D8-4CD7-BE31-5318A870FF61}.Ad-Hoc|x64.Build.0 = Release|Any CPU
		{11398C0B-78D8-4CD7-BE31-5318A870FF61}.Ad-Hoc|x64.Deploy.0 = Release|Any CPU
		{11398C0B-78D8-4CD7-BE31-5318A870FF61}.Ad-Hoc|x86.ActiveCfg = Release|Any CPU
		{11398C0B-78D8-4CD7-BE31-5318A870FF61}.Ad-Hoc|x86.Build.0 = Release|Any CPU
		{11398C0B-78D8-4CD7-BE31-5318A870FF61}.Ad-Hoc|x86.Deploy.0 = Release|Any CPU
		{11398C0B-78D8-4CD7-BE31-5318A870FF61}.AppStore|Any CPU.ActiveCfg = Release|Any CPU
		{11398C0B-78D8-4CD7-BE31-5318A870FF61}.AppStore|Any CPU.Build.0 = Release|Any CPU
		{11398C0B-78D8-4CD7-BE31-5318A870FF61}.AppStore|Any CPU.Deploy.0 = Release|Any CPU
		{11398C0B-78D8-4CD7-BE31-5318A870FF61}.AppStore|ARM.ActiveCfg = Release|Any CPU
		{11398C0B-78D8-4CD7-BE31-5318A870FF61}.AppStore|ARM.Build.0 = Release|Any CPU
		{11398C0B-78D8-4CD7-BE31-5318A870FF61}.AppStore|ARM.Deploy.0 = Release|Any CPU
		{11398C0B-78D8-4CD7-BE31-5318A870FF61}.AppStore|iPhone.ActiveCfg = Release|Any CPU
		{11398C0B-78D8-4CD7-BE31-5318A870FF61}.AppStore|iPhone.Build.0 = Release|Any CPU
		{11398C0B-78D8-4CD7-BE31-5318A870FF61}.AppStore|iPhone.Deploy.0 = Release|Any CPU
		{11398C0B-78D8-4CD7-BE31-5318A870FF61}.AppStore|iPhoneSimulator.ActiveCfg = Release|Any CPU
		{11398C0B-78D8-4CD7-BE31-5318A870FF61}.AppStore|iPhoneSimulator.Build.0 = Release|Any CPU
		{11398C0B-78D8-4CD7-BE31-5318A870FF61}.AppStore|iPhoneSimulator.Deploy.0 = Release|Any CPU
		{11398C0B-78D8-4CD7-BE31-5318A870FF61}.AppStore|x64.ActiveCfg = Release|Any CPU
		{11398C0B-78D8-4CD7-BE31-5318A870FF61}.AppStore|x64.Build.0 = Release|Any CPU
		{11398C0B-78D8-4CD7-BE31-5318A870FF61}.AppStore|x64.Deploy.0 = Release|Any CPU
		{11398C0B-78D8-4CD7-BE31-5318A870FF61}.AppStore|x86.ActiveCfg = Release|Any CPU
		{11398C0B-78D8-4CD7-BE31-5318A870FF61}.AppStore|x86.Build.0 = Release|Any CPU
		{11398C0B-78D8-4CD7-BE31-5318A870FF61}.AppStore|x86.Deploy.0 = Release|Any CPU
		{11398C0B-78D8-4CD7-BE31-5318A870FF61}.Debug|Any CPU.ActiveCfg = Debug|Any CPU
		{11398C0B-78D8-4CD7-BE31-5318A870FF61}.Debug|Any CPU.Build.0 = Debug|Any CPU
		{11398C0B-78D8-4CD7-BE31-5318A870FF61}.Debug|Any CPU.Deploy.0 = Debug|Any CPU
		{11398C0B-78D8-4CD7-BE31-5318A870FF61}.Debug|ARM.ActiveCfg = Debug|Any CPU
		{11398C0B-78D8-4CD7-BE31-5318A870FF61}.Debug|ARM.Build.0 = Debug|Any CPU
		{11398C0B-78D8-4CD7-BE31-5318A870FF61}.Debug|ARM.Deploy.0 = Debug|Any CPU
		{11398C0B-78D8-4CD7-BE31-5318A870FF61}.Debug|iPhone.ActiveCfg = Debug|Any CPU
		{11398C0B-78D8-4CD7-BE31-5318A870FF61}.Debug|iPhone.Build.0 = Debug|Any CPU
		{11398C0B-78D8-4CD7-BE31-5318A870FF61}.Debug|iPhone.Deploy.0 = Debug|Any CPU
		{11398C0B-78D8-4CD7-BE31-5318A870FF61}.Debug|iPhoneSimulator.ActiveCfg = Debug|Any CPU
		{11398C0B-78D8-4CD7-BE31-5318A870FF61}.Debug|iPhoneSimulator.Build.0 = Debug|Any CPU
		{11398C0B-78D8-4CD7-BE31-5318A870FF61}.Debug|iPhoneSimulator.Deploy.0 = Debug|Any CPU
		{11398C0B-78D8-4CD7-BE31-5318A870FF61}.Debug|x64.ActiveCfg = Debug|Any CPU
		{11398C0B-78D8-4CD7-BE31-5318A870FF61}.Debug|x64.Build.0 = Debug|Any CPU
		{11398C0B-78D8-4CD7-BE31-5318A870FF61}.Debug|x64.Deploy.0 = Debug|Any CPU
		{11398C0B-78D8-4CD7-BE31-5318A870FF61}.Debug|x86.ActiveCfg = Debug|Any CPU
		{11398C0B-78D8-4CD7-BE31-5318A870FF61}.Debug|x86.Build.0 = Debug|Any CPU
		{11398C0B-78D8-4CD7-BE31-5318A870FF61}.Debug|x86.Deploy.0 = Debug|Any CPU
		{11398C0B-78D8-4CD7-BE31-5318A870FF61}.Release|Any CPU.ActiveCfg = Release|Any CPU
		{11398C0B-78D8-4CD7-BE31-5318A870FF61}.Release|Any CPU.Build.0 = Release|Any CPU
		{11398C0B-78D8-4CD7-BE31-5318A870FF61}.Release|Any CPU.Deploy.0 = Release|Any CPU
		{11398C0B-78D8-4CD7-BE31-5318A870FF61}.Release|ARM.ActiveCfg = Release|Any CPU
		{11398C0B-78D8-4CD7-BE31-5318A870FF61}.Release|ARM.Build.0 = Release|Any CPU
		{11398C0B-78D8-4CD7-BE31-5318A870FF61}.Release|ARM.Deploy.0 = Release|Any CPU
		{11398C0B-78D8-4CD7-BE31-5318A870FF61}.Release|iPhone.ActiveCfg = Release|Any CPU
		{11398C0B-78D8-4CD7-BE31-5318A870FF61}.Release|iPhone.Build.0 = Release|Any CPU
		{11398C0B-78D8-4CD7-BE31-5318A870FF61}.Release|iPhone.Deploy.0 = Release|Any CPU
		{11398C0B-78D8-4CD7-BE31-5318A870FF61}.Release|iPhoneSimulator.ActiveCfg = Release|Any CPU
		{11398C0B-78D8-4CD7-BE31-5318A870FF61}.Release|iPhoneSimulator.Build.0 = Release|Any CPU
		{11398C0B-78D8-4CD7-BE31-5318A870FF61}.Release|iPhoneSimulator.Deploy.0 = Release|Any CPU
		{11398C0B-78D8-4CD7-BE31-5318A870FF61}.Release|x64.ActiveCfg = Release|Any CPU
		{11398C0B-78D8-4CD7-BE31-5318A870FF61}.Release|x64.Build.0 = Release|Any CPU
		{11398C0B-78D8-4CD7-BE31-5318A870FF61}.Release|x64.Deploy.0 = Release|Any CPU
		{11398C0B-78D8-4CD7-BE31-5318A870FF61}.Release|x86.ActiveCfg = Release|Any CPU
		{11398C0B-78D8-4CD7-BE31-5318A870FF61}.Release|x86.Build.0 = Release|Any CPU
		{11398C0B-78D8-4CD7-BE31-5318A870FF61}.Release|x86.Deploy.0 = Release|Any CPU
		{4C1D03CB-5FEC-42D1-BDD8-438E257454A4}.Ad-Hoc|Any CPU.ActiveCfg = Release|Any CPU
		{4C1D03CB-5FEC-42D1-BDD8-438E257454A4}.Ad-Hoc|Any CPU.Build.0 = Release|Any CPU
		{4C1D03CB-5FEC-42D1-BDD8-438E257454A4}.Ad-Hoc|ARM.ActiveCfg = Release|Any CPU
		{4C1D03CB-5FEC-42D1-BDD8-438E257454A4}.Ad-Hoc|ARM.Build.0 = Release|Any CPU
		{4C1D03CB-5FEC-42D1-BDD8-438E257454A4}.Ad-Hoc|iPhone.ActiveCfg = Release|Any CPU
		{4C1D03CB-5FEC-42D1-BDD8-438E257454A4}.Ad-Hoc|iPhone.Build.0 = Release|Any CPU
		{4C1D03CB-5FEC-42D1-BDD8-438E257454A4}.Ad-Hoc|iPhoneSimulator.ActiveCfg = Release|Any CPU
		{4C1D03CB-5FEC-42D1-BDD8-438E257454A4}.Ad-Hoc|iPhoneSimulator.Build.0 = Release|Any CPU
		{4C1D03CB-5FEC-42D1-BDD8-438E257454A4}.Ad-Hoc|x64.ActiveCfg = Release|Any CPU
		{4C1D03CB-5FEC-42D1-BDD8-438E257454A4}.Ad-Hoc|x64.Build.0 = Release|Any CPU
		{4C1D03CB-5FEC-42D1-BDD8-438E257454A4}.Ad-Hoc|x86.ActiveCfg = Release|Any CPU
		{4C1D03CB-5FEC-42D1-BDD8-438E257454A4}.Ad-Hoc|x86.Build.0 = Release|Any CPU
		{4C1D03CB-5FEC-42D1-BDD8-438E257454A4}.AppStore|Any CPU.ActiveCfg = Release|Any CPU
		{4C1D03CB-5FEC-42D1-BDD8-438E257454A4}.AppStore|Any CPU.Build.0 = Release|Any CPU
		{4C1D03CB-5FEC-42D1-BDD8-438E257454A4}.AppStore|ARM.ActiveCfg = Release|Any CPU
		{4C1D03CB-5FEC-42D1-BDD8-438E257454A4}.AppStore|ARM.Build.0 = Release|Any CPU
		{4C1D03CB-5FEC-42D1-BDD8-438E257454A4}.AppStore|iPhone.ActiveCfg = Release|Any CPU
		{4C1D03CB-5FEC-42D1-BDD8-438E257454A4}.AppStore|iPhone.Build.0 = Release|Any CPU
		{4C1D03CB-5FEC-42D1-BDD8-438E257454A4}.AppStore|iPhoneSimulator.ActiveCfg = Release|Any CPU
		{4C1D03CB-5FEC-42D1-BDD8-438E257454A4}.AppStore|iPhoneSimulator.Build.0 = Release|Any CPU
		{4C1D03CB-5FEC-42D1-BDD8-438E257454A4}.AppStore|x64.ActiveCfg = Release|Any CPU
		{4C1D03CB-5FEC-42D1-BDD8-438E257454A4}.AppStore|x64.Build.0 = Release|Any CPU
		{4C1D03CB-5FEC-42D1-BDD8-438E257454A4}.AppStore|x86.ActiveCfg = Release|Any CPU
		{4C1D03CB-5FEC-42D1-BDD8-438E257454A4}.AppStore|x86.Build.0 = Release|Any CPU
		{4C1D03CB-5FEC-42D1-BDD8-438E257454A4}.Debug|Any CPU.ActiveCfg = Debug|Any CPU
		{4C1D03CB-5FEC-42D1-BDD8-438E257454A4}.Debug|Any CPU.Build.0 = Debug|Any CPU
		{4C1D03CB-5FEC-42D1-BDD8-438E257454A4}.Debug|ARM.ActiveCfg = Debug|Any CPU
		{4C1D03CB-5FEC-42D1-BDD8-438E257454A4}.Debug|ARM.Build.0 = Debug|Any CPU
		{4C1D03CB-5FEC-42D1-BDD8-438E257454A4}.Debug|iPhone.ActiveCfg = Debug|Any CPU
		{4C1D03CB-5FEC-42D1-BDD8-438E257454A4}.Debug|iPhone.Build.0 = Debug|Any CPU
		{4C1D03CB-5FEC-42D1-BDD8-438E257454A4}.Debug|iPhoneSimulator.ActiveCfg = Debug|Any CPU
		{4C1D03CB-5FEC-42D1-BDD8-438E257454A4}.Debug|iPhoneSimulator.Build.0 = Debug|Any CPU
		{4C1D03CB-5FEC-42D1-BDD8-438E257454A4}.Debug|x64.ActiveCfg = Debug|Any CPU
		{4C1D03CB-5FEC-42D1-BDD8-438E257454A4}.Debug|x64.Build.0 = Debug|Any CPU
		{4C1D03CB-5FEC-42D1-BDD8-438E257454A4}.Debug|x86.ActiveCfg = Debug|Any CPU
		{4C1D03CB-5FEC-42D1-BDD8-438E257454A4}.Debug|x86.Build.0 = Debug|Any CPU
		{4C1D03CB-5FEC-42D1-BDD8-438E257454A4}.Release|Any CPU.ActiveCfg = Release|Any CPU
		{4C1D03CB-5FEC-42D1-BDD8-438E257454A4}.Release|Any CPU.Build.0 = Release|Any CPU
		{4C1D03CB-5FEC-42D1-BDD8-438E257454A4}.Release|ARM.ActiveCfg = Release|Any CPU
		{4C1D03CB-5FEC-42D1-BDD8-438E257454A4}.Release|ARM.Build.0 = Release|Any CPU
		{4C1D03CB-5FEC-42D1-BDD8-438E257454A4}.Release|iPhone.ActiveCfg = Release|Any CPU
		{4C1D03CB-5FEC-42D1-BDD8-438E257454A4}.Release|iPhone.Build.0 = Release|Any CPU
		{4C1D03CB-5FEC-42D1-BDD8-438E257454A4}.Release|iPhoneSimulator.ActiveCfg = Release|Any CPU
		{4C1D03CB-5FEC-42D1-BDD8-438E257454A4}.Release|iPhoneSimulator.Build.0 = Release|Any CPU
		{4C1D03CB-5FEC-42D1-BDD8-438E257454A4}.Release|x64.ActiveCfg = Release|Any CPU
		{4C1D03CB-5FEC-42D1-BDD8-438E257454A4}.Release|x64.Build.0 = Release|Any CPU
		{4C1D03CB-5FEC-42D1-BDD8-438E257454A4}.Release|x86.ActiveCfg = Release|Any CPU
		{4C1D03CB-5FEC-42D1-BDD8-438E257454A4}.Release|x86.Build.0 = Release|Any CPU
		{EF5889B8-A4FF-4912-8113-252972555624}.Ad-Hoc|Any CPU.ActiveCfg = Release|x86
		{EF5889B8-A4FF-4912-8113-252972555624}.Ad-Hoc|Any CPU.Build.0 = Release|x86
		{EF5889B8-A4FF-4912-8113-252972555624}.Ad-Hoc|Any CPU.Deploy.0 = Release|x86
		{EF5889B8-A4FF-4912-8113-252972555624}.Ad-Hoc|ARM.ActiveCfg = Release|ARM
		{EF5889B8-A4FF-4912-8113-252972555624}.Ad-Hoc|ARM.Build.0 = Release|ARM
		{EF5889B8-A4FF-4912-8113-252972555624}.Ad-Hoc|ARM.Deploy.0 = Release|ARM
		{EF5889B8-A4FF-4912-8113-252972555624}.Ad-Hoc|iPhone.ActiveCfg = Release|x86
		{EF5889B8-A4FF-4912-8113-252972555624}.Ad-Hoc|iPhone.Build.0 = Release|x86
		{EF5889B8-A4FF-4912-8113-252972555624}.Ad-Hoc|iPhone.Deploy.0 = Release|x86
		{EF5889B8-A4FF-4912-8113-252972555624}.Ad-Hoc|iPhoneSimulator.ActiveCfg = Release|x86
		{EF5889B8-A4FF-4912-8113-252972555624}.Ad-Hoc|iPhoneSimulator.Build.0 = Release|x86
		{EF5889B8-A4FF-4912-8113-252972555624}.Ad-Hoc|iPhoneSimulator.Deploy.0 = Release|x86
		{EF5889B8-A4FF-4912-8113-252972555624}.Ad-Hoc|x64.ActiveCfg = Release|x64
		{EF5889B8-A4FF-4912-8113-252972555624}.Ad-Hoc|x64.Build.0 = Release|x64
		{EF5889B8-A4FF-4912-8113-252972555624}.Ad-Hoc|x64.Deploy.0 = Release|x64
		{EF5889B8-A4FF-4912-8113-252972555624}.Ad-Hoc|x86.ActiveCfg = Release|x86
		{EF5889B8-A4FF-4912-8113-252972555624}.Ad-Hoc|x86.Build.0 = Release|x86
		{EF5889B8-A4FF-4912-8113-252972555624}.Ad-Hoc|x86.Deploy.0 = Release|x86
		{EF5889B8-A4FF-4912-8113-252972555624}.AppStore|Any CPU.ActiveCfg = Release|x86
		{EF5889B8-A4FF-4912-8113-252972555624}.AppStore|Any CPU.Build.0 = Release|x86
		{EF5889B8-A4FF-4912-8113-252972555624}.AppStore|Any CPU.Deploy.0 = Release|x86
		{EF5889B8-A4FF-4912-8113-252972555624}.AppStore|ARM.ActiveCfg = Release|ARM
		{EF5889B8-A4FF-4912-8113-252972555624}.AppStore|ARM.Build.0 = Release|ARM
		{EF5889B8-A4FF-4912-8113-252972555624}.AppStore|ARM.Deploy.0 = Release|ARM
		{EF5889B8-A4FF-4912-8113-252972555624}.AppStore|iPhone.ActiveCfg = Release|x86
		{EF5889B8-A4FF-4912-8113-252972555624}.AppStore|iPhone.Build.0 = Release|x86
		{EF5889B8-A4FF-4912-8113-252972555624}.AppStore|iPhone.Deploy.0 = Release|x86
		{EF5889B8-A4FF-4912-8113-252972555624}.AppStore|iPhoneSimulator.ActiveCfg = Release|x86
		{EF5889B8-A4FF-4912-8113-252972555624}.AppStore|iPhoneSimulator.Build.0 = Release|x86
		{EF5889B8-A4FF-4912-8113-252972555624}.AppStore|iPhoneSimulator.Deploy.0 = Release|x86
		{EF5889B8-A4FF-4912-8113-252972555624}.AppStore|x64.ActiveCfg = Release|x64
		{EF5889B8-A4FF-4912-8113-252972555624}.AppStore|x64.Build.0 = Release|x64
		{EF5889B8-A4FF-4912-8113-252972555624}.AppStore|x64.Deploy.0 = Release|x64
		{EF5889B8-A4FF-4912-8113-252972555624}.AppStore|x86.ActiveCfg = Release|x86
		{EF5889B8-A4FF-4912-8113-252972555624}.AppStore|x86.Build.0 = Release|x86
		{EF5889B8-A4FF-4912-8113-252972555624}.AppStore|x86.Deploy.0 = Release|x86
		{EF5889B8-A4FF-4912-8113-252972555624}.Debug|Any CPU.ActiveCfg = Debug|x86
		{EF5889B8-A4FF-4912-8113-252972555624}.Debug|ARM.ActiveCfg = Debug|ARM
		{EF5889B8-A4FF-4912-8113-252972555624}.Debug|ARM.Build.0 = Debug|ARM
		{EF5889B8-A4FF-4912-8113-252972555624}.Debug|ARM.Deploy.0 = Debug|ARM
		{EF5889B8-A4FF-4912-8113-252972555624}.Debug|iPhone.ActiveCfg = Debug|x86
		{EF5889B8-A4FF-4912-8113-252972555624}.Debug|iPhoneSimulator.ActiveCfg = Debug|x86
		{EF5889B8-A4FF-4912-8113-252972555624}.Debug|x64.ActiveCfg = Debug|x64
		{EF5889B8-A4FF-4912-8113-252972555624}.Debug|x64.Build.0 = Debug|x64
		{EF5889B8-A4FF-4912-8113-252972555624}.Debug|x64.Deploy.0 = Debug|x64
		{EF5889B8-A4FF-4912-8113-252972555624}.Debug|x86.ActiveCfg = Debug|x86
		{EF5889B8-A4FF-4912-8113-252972555624}.Debug|x86.Build.0 = Debug|x86
		{EF5889B8-A4FF-4912-8113-252972555624}.Debug|x86.Deploy.0 = Debug|x86
		{EF5889B8-A4FF-4912-8113-252972555624}.Release|Any CPU.ActiveCfg = Release|x86
		{EF5889B8-A4FF-4912-8113-252972555624}.Release|ARM.ActiveCfg = Release|ARM
		{EF5889B8-A4FF-4912-8113-252972555624}.Release|ARM.Build.0 = Release|ARM
		{EF5889B8-A4FF-4912-8113-252972555624}.Release|ARM.Deploy.0 = Release|ARM
		{EF5889B8-A4FF-4912-8113-252972555624}.Release|iPhone.ActiveCfg = Release|x86
		{EF5889B8-A4FF-4912-8113-252972555624}.Release|iPhoneSimulator.ActiveCfg = Release|x86
		{EF5889B8-A4FF-4912-8113-252972555624}.Release|x64.ActiveCfg = Release|x64
		{EF5889B8-A4FF-4912-8113-252972555624}.Release|x64.Build.0 = Release|x64
		{EF5889B8-A4FF-4912-8113-252972555624}.Release|x64.Deploy.0 = Release|x64
		{EF5889B8-A4FF-4912-8113-252972555624}.Release|x86.ActiveCfg = Release|x86
		{EF5889B8-A4FF-4912-8113-252972555624}.Release|x86.Build.0 = Release|x86
		{EF5889B8-A4FF-4912-8113-252972555624}.Release|x86.Deploy.0 = Release|x86
		{CFF77D41-E42B-4A9B-AA1A-ED591C5CC140}.Ad-Hoc|Any CPU.ActiveCfg = Ad-Hoc|iPhoneSimulator
		{CFF77D41-E42B-4A9B-AA1A-ED591C5CC140}.Ad-Hoc|ARM.ActiveCfg = Ad-Hoc|iPhone
		{CFF77D41-E42B-4A9B-AA1A-ED591C5CC140}.Ad-Hoc|iPhone.ActiveCfg = Ad-Hoc|iPhone
		{CFF77D41-E42B-4A9B-AA1A-ED591C5CC140}.Ad-Hoc|iPhone.Build.0 = Ad-Hoc|iPhone
		{CFF77D41-E42B-4A9B-AA1A-ED591C5CC140}.Ad-Hoc|iPhoneSimulator.ActiveCfg = Ad-Hoc|iPhoneSimulator
		{CFF77D41-E42B-4A9B-AA1A-ED591C5CC140}.Ad-Hoc|iPhoneSimulator.Build.0 = Ad-Hoc|iPhoneSimulator
		{CFF77D41-E42B-4A9B-AA1A-ED591C5CC140}.Ad-Hoc|x64.ActiveCfg = Ad-Hoc|iPhone
		{CFF77D41-E42B-4A9B-AA1A-ED591C5CC140}.Ad-Hoc|x86.ActiveCfg = Ad-Hoc|iPhone
		{CFF77D41-E42B-4A9B-AA1A-ED591C5CC140}.AppStore|Any CPU.ActiveCfg = AppStore|iPhoneSimulator
		{CFF77D41-E42B-4A9B-AA1A-ED591C5CC140}.AppStore|ARM.ActiveCfg = AppStore|iPhone
		{CFF77D41-E42B-4A9B-AA1A-ED591C5CC140}.AppStore|iPhone.ActiveCfg = AppStore|iPhone
		{CFF77D41-E42B-4A9B-AA1A-ED591C5CC140}.AppStore|iPhone.Build.0 = AppStore|iPhone
		{CFF77D41-E42B-4A9B-AA1A-ED591C5CC140}.AppStore|iPhoneSimulator.ActiveCfg = AppStore|iPhoneSimulator
		{CFF77D41-E42B-4A9B-AA1A-ED591C5CC140}.AppStore|iPhoneSimulator.Build.0 = AppStore|iPhoneSimulator
		{CFF77D41-E42B-4A9B-AA1A-ED591C5CC140}.AppStore|x64.ActiveCfg = AppStore|iPhone
		{CFF77D41-E42B-4A9B-AA1A-ED591C5CC140}.AppStore|x86.ActiveCfg = AppStore|iPhone
		{CFF77D41-E42B-4A9B-AA1A-ED591C5CC140}.Debug|Any CPU.ActiveCfg = Debug|iPhoneSimulator
		{CFF77D41-E42B-4A9B-AA1A-ED591C5CC140}.Debug|ARM.ActiveCfg = Debug|iPhone
		{CFF77D41-E42B-4A9B-AA1A-ED591C5CC140}.Debug|iPhone.ActiveCfg = Debug|iPhone
		{CFF77D41-E42B-4A9B-AA1A-ED591C5CC140}.Debug|iPhone.Build.0 = Debug|iPhone
		{CFF77D41-E42B-4A9B-AA1A-ED591C5CC140}.Debug|iPhoneSimulator.ActiveCfg = Debug|iPhoneSimulator
		{CFF77D41-E42B-4A9B-AA1A-ED591C5CC140}.Debug|iPhoneSimulator.Build.0 = Debug|iPhoneSimulator
		{CFF77D41-E42B-4A9B-AA1A-ED591C5CC140}.Debug|x64.ActiveCfg = Debug|iPhone
		{CFF77D41-E42B-4A9B-AA1A-ED591C5CC140}.Debug|x86.ActiveCfg = Debug|iPhone
		{CFF77D41-E42B-4A9B-AA1A-ED591C5CC140}.Release|Any CPU.ActiveCfg = Release|iPhoneSimulator
		{CFF77D41-E42B-4A9B-AA1A-ED591C5CC140}.Release|ARM.ActiveCfg = Release|iPhone
		{CFF77D41-E42B-4A9B-AA1A-ED591C5CC140}.Release|iPhone.ActiveCfg = Release|iPhone
		{CFF77D41-E42B-4A9B-AA1A-ED591C5CC140}.Release|iPhone.Build.0 = Release|iPhone
		{CFF77D41-E42B-4A9B-AA1A-ED591C5CC140}.Release|iPhoneSimulator.ActiveCfg = Release|iPhoneSimulator
		{CFF77D41-E42B-4A9B-AA1A-ED591C5CC140}.Release|iPhoneSimulator.Build.0 = Release|iPhoneSimulator
		{CFF77D41-E42B-4A9B-AA1A-ED591C5CC140}.Release|x64.ActiveCfg = Release|iPhone
		{CFF77D41-E42B-4A9B-AA1A-ED591C5CC140}.Release|x86.ActiveCfg = Release|iPhone
	EndGlobalSection
	GlobalSection(SolutionProperties) = preSolution
		HideSolutionNode = FALSE
	EndGlobalSection
	GlobalSection(ExtensibilityGlobals) = postSolution
		SolutionGuid = {48ECD099-6B62-4D83-A46D-08DC6140F88D}
	EndGlobalSection
EndGlobal
